
Microsoft Visual Studio Solution File, Format Version 12.00
# Visual Studio Version 16
VisualStudioVersion = 16.0.30406.217
MinimumVisualStudioVersion = 10.0.40219.1
Project("{FAE04EC0-301F-11D3-BF4B-00C04F79EFBC}") = "PZLServiceDesk", "PZLServiceDesk.csproj", "{4362A755-FA05-4777-B4AF-47F74E5AE05C}"
EndProject
Global
	GlobalSection(SolutionConfigurationPlatforms) = preSolution
		Debug|Any CPU = Debug|Any CPU
		Release|Any CPU = Release|Any CPU
	EndGlobalSection
	GlobalSection(ProjectConfigurationPlatforms) = postSolution
		{4362A755-FA05-4777-B4AF-47F74E5AE05C}.Debug|Any CPU.ActiveCfg = Debug|Any CPU
		{4362A755-FA05-4777-B4AF-47F74E5AE05C}.Debug|Any CPU.Build.0 = Debug|Any CPU
		{4362A755-FA05-4777-B4AF-47F74E5AE05C}.Release|Any CPU.ActiveCfg = Release|Any CPU
		{4362A755-FA05-4777-B4AF-47F74E5AE05C}.Release|Any CPU.Build.0 = Release|Any CPU
	EndGlobalSection
	GlobalSection(SolutionProperties) = preSolution
		HideSolutionNode = FALSE
	EndGlobalSection
	GlobalSection(ExtensibilityGlobals) = postSolution
		SolutionGuid = {35E8A016-87BD-44BA-9EB3-99AA6ECAA269}
	EndGlobalSection
EndGlobal
